# This file is autogenerated, do not edit; changes may be undone by the next 'dep ensure'.


[[projects]]
  branch = "master"
  name = "github.com/groob/plist"
  packages = ["."]
  revision = "dd56909aee38bb3860460e3e1ca8a4270c04ce15"

[[projects]]
  branch = "v2"
  name = "gopkg.in/yaml.v2"
  packages = ["."]
  revision = "eb3733d160e74a9c7e442f435eb3bea458e1d19f"

[solve-meta]
  analyzer-name = "dep"
  analyzer-version = 1
  inputs-digest = "c9cea6c5e6f595256991c24812c76ca24a2585583e61b8749e9265a6466579d9"
  solver-name = "gps-cdcl"
  solver-version = 1
