# This file is autogenerated, do not edit; changes may be undone by the next 'dep ensure'.


[[projects]]
  name = "github.com/basgys/goxml2json"
  packages = ["."]
  revision = "652b277a9313806ef04f7c0cb0205dd455c4f344"
  version = "v1.1.0"

[[projects]]
  branch = "master"
  name = "github.com/gojp/kana"
  packages = ["."]
  revision = "6edbc04c5042be5f41cc1bd59cdcdc933a66424b"

[[projects]]
  branch = "master"
  name = "github.com/groob/plist"
  packages = ["."]
  revision = "dd56909aee38bb3860460e3e1ca8a4270c04ce15"

[[projects]]
  branch = "master"
  name = "github.com/ikawaha/kagome.ipadic"
  packages = [
    "internal/da",
    "internal/dic",
    "internal/dic/data",
    "internal/lattice",
    "tokenizer"
  ]
  revision = "dd3ae0544a806f4d39df5a70f46494adb3fbbfa2"

[[projects]]
  branch = "master"
  name = "golang.org/x/net"
  packages = [
    "html",
    "html/atom",
    "html/charset"
  ]
  revision = "d26f9f9a57f3fab6a695bec0d84433c2c50f8bbf"

[[projects]]
  name = "golang.org/x/text"
  packages = [
    "encoding",
    "encoding/charmap",
    "encoding/htmlindex",
    "encoding/internal",
    "encoding/internal/identifier",
    "encoding/japanese",
    "encoding/korean",
    "encoding/simplifiedchinese",
    "encoding/traditionalchinese",
    "encoding/unicode",
    "internal/gen",
    "internal/tag",
    "internal/utf8internal",
    "language",
    "runes",
    "transform",
    "unicode/cldr"
  ]
  revision = "f21a4dfb5e38f5895301dc265a8def02365cc3d0"
  version = "v0.3.0"

[[projects]]
  branch = "v2"
  name = "gopkg.in/yaml.v2"
  packages = ["."]
  revision = "eb3733d160e74a9c7e442f435eb3bea458e1d19f"

[solve-meta]
  analyzer-name = "dep"
  analyzer-version = 1
  inputs-digest = "8262fa6a2487ea2f70f228b660d11289d685684635aa62b965719925e21dbb0d"
  solver-name = "gps-cdcl"
  solver-version = 1
